
Microsoft Visual Studio Solution File, Format Version 12.00
# Visual Studio Version 16
VisualStudioVersion = 16.0.31025.194
MinimumVisualStudioVersion = 10.0.40219.1
Project("{9A19103F-16F7-4668-BE54-9A1E7A4F7556}") = "INTENTO2", "INTENTO2.csproj", "{A38AEFC8-18CE-4B7A-9607-03BF45E63E31}"
EndProject
Global
	GlobalSection(SolutionConfigurationPlatforms) = preSolution
		Debug|Any CPU = Debug|Any CPU
		Release|Any CPU = Release|Any CPU
	EndGlobalSection
	GlobalSection(ProjectConfigurationPlatforms) = postSolution
		{A38AEFC8-18CE-4B7A-9607-03BF45E63E31}.Debug|Any CPU.ActiveCfg = Debug|Any CPU
		{A38AEFC8-18CE-4B7A-9607-03BF45E63E31}.Debug|Any CPU.Build.0 = Debug|Any CPU
		{A38AEFC8-18CE-4B7A-9607-03BF45E63E31}.Release|Any CPU.ActiveCfg = Release|Any CPU
		{A38AEFC8-18CE-4B7A-9607-03BF45E63E31}.Release|Any CPU.Build.0 = Release|Any CPU
	EndGlobalSection
	GlobalSection(SolutionProperties) = preSolution
		HideSolutionNode = FALSE
	EndGlobalSection
	GlobalSection(ExtensibilityGlobals) = postSolution
		SolutionGuid = {DCC87A19-5375-4C56-BFAE-A5FFCF765955}
	EndGlobalSection
EndGlobal
